
Microsoft Visual Studio Solution File, Format Version 12.00
# Visual Studio Version 17
VisualStudioVersion = 17.6.33815.320
MinimumVisualStudioVersion = 10.0.40219.1
Project("{2150E333-8FDC-42A3-9474-1A3956D46DE8}") = "Configuration", "Configuration", "{417E3AAA-99B9-43C2-BC59-CBC7E5E621C3}"
	ProjectSection(SolutionItems) = preProject
		.gitattributes = .gitattributes
		.gitignore = .gitignore
		azure-pipelines.yml = azure-pipelines.yml
		NuGet.config = NuGet.config
	EndProjectSection
EndProject
Project("{2150E333-8FDC-42A3-9474-1A3956D46DE8}") = "Feature", "Feature", "{9CCB58D4-12BE-46C6-A19E-CE2E2B7BA8F7}"
EndProject
Project("{2150E333-8FDC-42A3-9474-1A3956D46DE8}") = "Foundation", "Foundation", "{37C05AC8-4386-40E6-B8FF-BC2C84CF71A8}"
EndProject
Project("{2150E333-8FDC-42A3-9474-1A3956D46DE8}") = "Project", "Project", "{88D6FBE9-4AEA-4600-84AB-2956360396AE}"
EndProject
Project("{2150E333-8FDC-42A3-9474-1A3956D46DE8}") = "SiteBuild", "SiteBuild", "{8144393E-5CA5-4CB1-8FFA-67A0DB7FF63D}"
EndProject
Project("{2150E333-8FDC-42A3-9474-1A3956D46DE8}") = "RainflyAdventures.Training", "RainflyAdventures.Training", "{D080DE37-42CD-4378-9DA6-1A22DA3E3C48}"
EndProject
Project("{9A19103F-16F7-4668-BE54-9A1E7A4F7556}") = "RainflyAdventures.Training.Project.RainflyAdventures.Training", "src\Project\RainflyAdventures.Training\website\RainflyAdventures.Training.Project.RainflyAdventures.Training.csproj", "{F0F94070-8D13-403B-ADC3-9BAC4BD48227}"
EndProject
Project("{2150E333-8FDC-42A3-9474-1A3956D46DE8}") = "DI", "DI", "{14B10F1B-99E4-48DB-AEF7-FA5EB1E44D5C}"
EndProject
Project("{2150E333-8FDC-42A3-9474-1A3956D46DE8}") = "Search", "Search", "{4FEE367D-D2CA-47FC-BBB3-E600D47A6209}"
EndProject
Project("{9A19103F-16F7-4668-BE54-9A1E7A4F7556}") = "RainflyAdventures.Training.Foundation.DI", "src\Foundation\DI\website\RainflyAdventures.Training.Foundation.DI.csproj", "{3DC3DEB9-7F88-4988-B3F9-6CCD5EFD5515}"
EndProject
Project("{9A19103F-16F7-4668-BE54-9A1E7A4F7556}") = "RainflyAdventures.Training.Foundation.Search", "src\Foundation\Search\website\RainflyAdventures.Training.Foundation.Search.csproj", "{6767E3CB-BF58-430F-A8F1-AF0F9D453123}"
EndProject
Project("{2150E333-8FDC-42A3-9474-1A3956D46DE8}") = "Core", "Core", "{47F31491-920E-4C62-847E-5CEC0BAC1EF4}"
EndProject
Project("{9A19103F-16F7-4668-BE54-9A1E7A4F7556}") = "RainflyAdventures.Training.Foundation.Core", "src\Foundation\Core\website\RainflyAdventures.Training.Foundation.Core.csproj", "{C1F5191D-EC92-460A-A317-B4425BF5F518}"
EndProject
Project("{2150E333-8FDC-42A3-9474-1A3956D46DE8}") = "Event", "Event", "{38FC75AB-E222-4ACB-AA0F-8E1DD8D5153E}"
EndProject
Project("{2150E333-8FDC-42A3-9474-1A3956D46DE8}") = "Navigation", "Navigation", "{89440F2B-BF5C-422C-88A3-1DDA5CF0EA0D}"
EndProject
Project("{2150E333-8FDC-42A3-9474-1A3956D46DE8}") = "PageContent", "PageContent", "{8D72667F-39E0-4BDE-B43E-429528696F37}"
EndProject
Project("{2150E333-8FDC-42A3-9474-1A3956D46DE8}") = "Product", "Product", "{2BD7C598-EFC5-45DD-A621-EC92A2ED1BD4}"
EndProject
Project("{9A19103F-16F7-4668-BE54-9A1E7A4F7556}") = "RainflyAdventures.Training.Feature.Event", "src\Feature\RainflyAdventures.Training.Feature.Event\website\RainflyAdventures.Training.Feature.Event.csproj", "{47DA0D53-E835-4427-B93D-3F5A95730EA1}"
EndProject
Project("{9A19103F-16F7-4668-BE54-9A1E7A4F7556}") = "RainflyAdventures.Training.Feature.Navigation", "src\Feature\RainflyAdventures.Training.Feature.Navigation\website\RainflyAdventures.Training.Feature.Navigation.csproj", "{5A44C72E-EAB8-4547-844B-0FE12B635FA8}"
EndProject
Project("{9A19103F-16F7-4668-BE54-9A1E7A4F7556}") = "RainflyAdventures.Training.Feature.PageContent", "src\Feature\RainflyAdventures.Training.Feature.PageContent\website\RainflyAdventures.Training.Feature.PageContent.csproj", "{695745EC-49FB-4B09-8425-F9ED28DC4AF8}"
EndProject
Project("{9A19103F-16F7-4668-BE54-9A1E7A4F7556}") = "RainflyAdventures.Training.Feature.Product", "src\Feature\RainflyAdventures.Training.Feature.Product\website\RainflyAdventures.Training.Feature.Product.csproj", "{6D42BC05-A6AA-419E-837A-999C045116E8}"
EndProject
Project("{2150E333-8FDC-42A3-9474-1A3956D46DE8}") = "Serialization", "Serialization", "{CFB14667-4782-4EA9-BF8F-BB7969A400BD}"
EndProject
Project("{2150E333-8FDC-42A3-9474-1A3956D46DE8}") = "Documents", "Documents", "{3835933E-0A81-44C0-B58D-2F56560C4F10}"
EndProject
Project("{FAE04EC0-301F-11D3-BF4B-00C04F79EFBC}") = "RainflyAdventures.Training.SiteBuild", "src\SiteBuild\RainflyAdventures.Training.SiteBuild\RainflyAdventures.Training.SiteBuild.csproj", "{E1EFA271-5F14-40E1-9865-9856D87AD833}"
EndProject
Project("{2150E333-8FDC-42A3-9474-1A3956D46DE8}") = "Install", "Install", "{0E4A5B88-E135-41A3-9782-A639597EE58F}"
	ProjectSection(SolutionItems) = preProject
		documents\installation\Install-Notes.md = documents\installation\Install-Notes.md
		documents\installation\Install-Solr2.ps1 = documents\installation\Install-Solr2.ps1
		documents\installation\Prerequisites.json = documents\installation\Prerequisites.json
		documents\installation\XM1-SingleDeveloper.ps1 = documents\installation\XM1-SingleDeveloper.ps1
	EndProjectSection
EndProject
Project("{2150E333-8FDC-42A3-9474-1A3956D46DE8}") = "Setup", "Setup", "{85CE1E0B-6AF9-41CA-B212-C2297735E9AE}"
	ProjectSection(SolutionItems) = preProject
		documents\setup\zz.Local-Overrides.config = documents\setup\zz.Local-Overrides.config
	EndProjectSection
EndProject
Project("{FAE04EC0-301F-11D3-BF4B-00C04F79EFBC}") = "RainflyAdventures.Training.Foundation.Serialization", "src\Foundation\Serialization\website\RainflyAdventures.Training.Foundation.Serialization.csproj", "{E7CC8CBA-CCB7-4D35-87D2-CB14E0DF0C1E}"
EndProject
Global
	GlobalSection(SolutionConfigurationPlatforms) = preSolution
		Debug|Any CPU = Debug|Any CPU
		Release|Any CPU = Release|Any CPU
	EndGlobalSection
	GlobalSection(ProjectConfigurationPlatforms) = postSolution
		{F0F94070-8D13-403B-ADC3-9BAC4BD48227}.Debug|Any CPU.ActiveCfg = Debug|Any CPU
		{F0F94070-8D13-403B-ADC3-9BAC4BD48227}.Debug|Any CPU.Build.0 = Debug|Any CPU
		{F0F94070-8D13-403B-ADC3-9BAC4BD48227}.Release|Any CPU.ActiveCfg = Release|Any CPU
		{F0F94070-8D13-403B-ADC3-9BAC4BD48227}.Release|Any CPU.Build.0 = Release|Any CPU
		{3DC3DEB9-7F88-4988-B3F9-6CCD5EFD5515}.Debug|Any CPU.ActiveCfg = Debug|Any CPU
		{3DC3DEB9-7F88-4988-B3F9-6CCD5EFD5515}.Debug|Any CPU.Build.0 = Debug|Any CPU
		{3DC3DEB9-7F88-4988-B3F9-6CCD5EFD5515}.Release|Any CPU.ActiveCfg = Release|Any CPU
		{3DC3DEB9-7F88-4988-B3F9-6CCD5EFD5515}.Release|Any CPU.Build.0 = Release|Any CPU
		{6767E3CB-BF58-430F-A8F1-AF0F9D453123}.Debug|Any CPU.ActiveCfg = Debug|Any CPU
		{6767E3CB-BF58-430F-A8F1-AF0F9D453123}.Debug|Any CPU.Build.0 = Debug|Any CPU
		{6767E3CB-BF58-430F-A8F1-AF0F9D453123}.Release|Any CPU.ActiveCfg = Release|Any CPU
		{6767E3CB-BF58-430F-A8F1-AF0F9D453123}.Release|Any CPU.Build.0 = Release|Any CPU
		{C1F5191D-EC92-460A-A317-B4425BF5F518}.Debug|Any CPU.ActiveCfg = Debug|Any CPU
		{C1F5191D-EC92-460A-A317-B4425BF5F518}.Debug|Any CPU.Build.0 = Debug|Any CPU
		{C1F5191D-EC92-460A-A317-B4425BF5F518}.Release|Any CPU.ActiveCfg = Release|Any CPU
		{C1F5191D-EC92-460A-A317-B4425BF5F518}.Release|Any CPU.Build.0 = Release|Any CPU
		{47DA0D53-E835-4427-B93D-3F5A95730EA1}.Debug|Any CPU.ActiveCfg = Debug|Any CPU
		{47DA0D53-E835-4427-B93D-3F5A95730EA1}.Debug|Any CPU.Build.0 = Debug|Any CPU
		{47DA0D53-E835-4427-B93D-3F5A95730EA1}.Release|Any CPU.ActiveCfg = Release|Any CPU
		{47DA0D53-E835-4427-B93D-3F5A95730EA1}.Release|Any CPU.Build.0 = Release|Any CPU
		{5A44C72E-EAB8-4547-844B-0FE12B635FA8}.Debug|Any CPU.ActiveCfg = Debug|Any CPU
		{5A44C72E-EAB8-4547-844B-0FE12B635FA8}.Debug|Any CPU.Build.0 = Debug|Any CPU
		{5A44C72E-EAB8-4547-844B-0FE12B635FA8}.Release|Any CPU.ActiveCfg = Release|Any CPU
		{5A44C72E-EAB8-4547-844B-0FE12B635FA8}.Release|Any CPU.Build.0 = Release|Any CPU
		{695745EC-49FB-4B09-8425-F9ED28DC4AF8}.Debug|Any CPU.ActiveCfg = Debug|Any CPU
		{695745EC-49FB-4B09-8425-F9ED28DC4AF8}.Debug|Any CPU.Build.0 = Debug|Any CPU
		{695745EC-49FB-4B09-8425-F9ED28DC4AF8}.Release|Any CPU.ActiveCfg = Release|Any CPU
		{695745EC-49FB-4B09-8425-F9ED28DC4AF8}.Release|Any CPU.Build.0 = Release|Any CPU
		{6D42BC05-A6AA-419E-837A-999C045116E8}.Debug|Any CPU.ActiveCfg = Debug|Any CPU
		{6D42BC05-A6AA-419E-837A-999C045116E8}.Debug|Any CPU.Build.0 = Debug|Any CPU
		{6D42BC05-A6AA-419E-837A-999C045116E8}.Release|Any CPU.ActiveCfg = Release|Any CPU
		{6D42BC05-A6AA-419E-837A-999C045116E8}.Release|Any CPU.Build.0 = Release|Any CPU
		{E1EFA271-5F14-40E1-9865-9856D87AD833}.Debug|Any CPU.ActiveCfg = Debug|Any CPU
		{E1EFA271-5F14-40E1-9865-9856D87AD833}.Debug|Any CPU.Build.0 = Debug|Any CPU
		{E1EFA271-5F14-40E1-9865-9856D87AD833}.Release|Any CPU.ActiveCfg = Release|Any CPU
		{E1EFA271-5F14-40E1-9865-9856D87AD833}.Release|Any CPU.Build.0 = Release|Any CPU
		{E7CC8CBA-CCB7-4D35-87D2-CB14E0DF0C1E}.Debug|Any CPU.ActiveCfg = Debug|Any CPU
		{E7CC8CBA-CCB7-4D35-87D2-CB14E0DF0C1E}.Debug|Any CPU.Build.0 = Debug|Any CPU
		{E7CC8CBA-CCB7-4D35-87D2-CB14E0DF0C1E}.Release|Any CPU.ActiveCfg = Release|Any CPU
		{E7CC8CBA-CCB7-4D35-87D2-CB14E0DF0C1E}.Release|Any CPU.Build.0 = Release|Any CPU
	EndGlobalSection
	GlobalSection(SolutionProperties) = preSolution
		HideSolutionNode = FALSE
	EndGlobalSection
	GlobalSection(NestedProjects) = preSolution
		{D080DE37-42CD-4378-9DA6-1A22DA3E3C48} = {88D6FBE9-4AEA-4600-84AB-2956360396AE}
		{F0F94070-8D13-403B-ADC3-9BAC4BD48227} = {D080DE37-42CD-4378-9DA6-1A22DA3E3C48}
		{14B10F1B-99E4-48DB-AEF7-FA5EB1E44D5C} = {37C05AC8-4386-40E6-B8FF-BC2C84CF71A8}
		{4FEE367D-D2CA-47FC-BBB3-E600D47A6209} = {37C05AC8-4386-40E6-B8FF-BC2C84CF71A8}
		{3DC3DEB9-7F88-4988-B3F9-6CCD5EFD5515} = {14B10F1B-99E4-48DB-AEF7-FA5EB1E44D5C}
		{6767E3CB-BF58-430F-A8F1-AF0F9D453123} = {4FEE367D-D2CA-47FC-BBB3-E600D47A6209}
		{47F31491-920E-4C62-847E-5CEC0BAC1EF4} = {37C05AC8-4386-40E6-B8FF-BC2C84CF71A8}
		{C1F5191D-EC92-460A-A317-B4425BF5F518} = {47F31491-920E-4C62-847E-5CEC0BAC1EF4}
		{38FC75AB-E222-4ACB-AA0F-8E1DD8D5153E} = {9CCB58D4-12BE-46C6-A19E-CE2E2B7BA8F7}
		{89440F2B-BF5C-422C-88A3-1DDA5CF0EA0D} = {9CCB58D4-12BE-46C6-A19E-CE2E2B7BA8F7}
		{8D72667F-39E0-4BDE-B43E-429528696F37} = {9CCB58D4-12BE-46C6-A19E-CE2E2B7BA8F7}
		{2BD7C598-EFC5-45DD-A621-EC92A2ED1BD4} = {9CCB58D4-12BE-46C6-A19E-CE2E2B7BA8F7}
		{47DA0D53-E835-4427-B93D-3F5A95730EA1} = {38FC75AB-E222-4ACB-AA0F-8E1DD8D5153E}
		{5A44C72E-EAB8-4547-844B-0FE12B635FA8} = {89440F2B-BF5C-422C-88A3-1DDA5CF0EA0D}
		{695745EC-49FB-4B09-8425-F9ED28DC4AF8} = {8D72667F-39E0-4BDE-B43E-429528696F37}
		{6D42BC05-A6AA-419E-837A-999C045116E8} = {2BD7C598-EFC5-45DD-A621-EC92A2ED1BD4}
		{CFB14667-4782-4EA9-BF8F-BB7969A400BD} = {37C05AC8-4386-40E6-B8FF-BC2C84CF71A8}
		{E1EFA271-5F14-40E1-9865-9856D87AD833} = {8144393E-5CA5-4CB1-8FFA-67A0DB7FF63D}
		{0E4A5B88-E135-41A3-9782-A639597EE58F} = {3835933E-0A81-44C0-B58D-2F56560C4F10}
		{85CE1E0B-6AF9-41CA-B212-C2297735E9AE} = {3835933E-0A81-44C0-B58D-2F56560C4F10}
		{E7CC8CBA-CCB7-4D35-87D2-CB14E0DF0C1E} = {CFB14667-4782-4EA9-BF8F-BB7969A400BD}
	EndGlobalSection
	GlobalSection(ExtensibilityGlobals) = postSolution
		SolutionGuid = {72F32D74-CBBB-4B25-8C0B-E8CA8E476499}
	EndGlobalSection
EndGlobal
